
Microsoft Visual Studio Solution File, Format Version 12.00
# Visual Studio Version 16
VisualStudioVersion = 16.0.31729.503
MinimumVisualStudioVersion = 10.0.40219.1
Project("{FAE04EC0-301F-11D3-BF4B-00C04F79EFBC}") = "Drawing app", "Drawing app\Drawing app.csproj", "{F0E0470A-CE47-4066-A0E8-7B0023A823D7}"
EndProject
Global
	GlobalSection(SolutionConfigurationPlatforms) = preSolution
		Debug|Any CPU = Debug|Any CPU
		Release|Any CPU = Release|Any CPU
	EndGlobalSection
	GlobalSection(ProjectConfigurationPlatforms) = postSolution
		{F0E0470A-CE47-4066-A0E8-7B0023A823D7}.Debug|Any CPU.ActiveCfg = Debug|Any CPU
		{F0E0470A-CE47-4066-A0E8-7B0023A823D7}.Debug|Any CPU.Build.0 = Debug|Any CPU
		{F0E0470A-CE47-4066-A0E8-7B0023A823D7}.Release|Any CPU.ActiveCfg = Release|Any CPU
		{F0E0470A-CE47-4066-A0E8-7B0023A823D7}.Release|Any CPU.Build.0 = Release|Any CPU
	EndGlobalSection
	GlobalSection(SolutionProperties) = preSolution
		HideSolutionNode = FALSE
	EndGlobalSection
	GlobalSection(ExtensibilityGlobals) = postSolution
		SolutionGuid = {FE0C1B51-CAF1-4AFC-AD3C-A689D5CBF858}
	EndGlobalSection
EndGlobal
